{
  "object": {
    "pins": [
      {
        "package": "SwiftUIKit",
        "repositoryURL": "https://github.com/0xLeif/SwiftUIKit",
        "state": {
          "branch": "develop",
          "revision": "a595e12fe4f4a9658211fb3ee23110f854ed0e06",
          "version": null
        }
      }
    ]
  },
  "version": 1
}
