{
  "object": {
    "pins": [
      {
        "package": "EKit",
        "repositoryURL": "https://github.com/0xLeif/EKit",
        "state": {
          "branch": "master",
          "revision": "5a1a7aef6b12b556b2a97f0ee01551c5fac7b3c0",
          "version": null
        }
      },
      {
        "package": "SwiftUIKit",
        "repositoryURL": "https://github.com/0xLeif/SwiftUIKit",
        "state": {
          "branch": "develop",
          "revision": "e76dafd40e15201a45803d5e68d4f6eb24e83617",
          "version": null
        }
      }
    ]
  },
  "version": 1
}
